
Microsoft Visual Studio Solution File, Format Version 12.00
Project("{FAE04EC0-301F-11D3-BF4B-00C04F79EFBC}") = "Movies.Api", "Movies.Api\Movies.Api.csproj", "{AC27C69C-E2FC-4A7B-A0C0-69DB50BD9908}"
EndProject
Project("{FAE04EC0-301F-11D3-BF4B-00C04F79EFBC}") = "Movies.Application", "Movies.Application\Movies.Application.csproj", "{6809426A-E8C8-4421-A63A-79C1B01B4E7E}"
EndProject
Global
	GlobalSection(SolutionConfigurationPlatforms) = preSolution
		Debug|Any CPU = Debug|Any CPU
		Release|Any CPU = Release|Any CPU
	EndGlobalSection
	GlobalSection(ProjectConfigurationPlatforms) = postSolution
		{AC27C69C-E2FC-4A7B-A0C0-69DB50BD9908}.Debug|Any CPU.ActiveCfg = Debug|Any CPU
		{AC27C69C-E2FC-4A7B-A0C0-69DB50BD9908}.Debug|Any CPU.Build.0 = Debug|Any CPU
		{AC27C69C-E2FC-4A7B-A0C0-69DB50BD9908}.Release|Any CPU.ActiveCfg = Release|Any CPU
		{AC27C69C-E2FC-4A7B-A0C0-69DB50BD9908}.Release|Any CPU.Build.0 = Release|Any CPU
		{6809426A-E8C8-4421-A63A-79C1B01B4E7E}.Debug|Any CPU.ActiveCfg = Debug|Any CPU
		{6809426A-E8C8-4421-A63A-79C1B01B4E7E}.Debug|Any CPU.Build.0 = Debug|Any CPU
		{6809426A-E8C8-4421-A63A-79C1B01B4E7E}.Release|Any CPU.ActiveCfg = Release|Any CPU
		{6809426A-E8C8-4421-A63A-79C1B01B4E7E}.Release|Any CPU.Build.0 = Release|Any CPU
	EndGlobalSection
EndGlobal
